
Microsoft Visual Studio Solution File, Format Version 12.00
# Visual Studio Version 17
VisualStudioVersion = 17.1.32210.238
MinimumVisualStudioVersion = 10.0.40219.1
Project("{FAE04EC0-301F-11D3-BF4B-00C04F79EFBC}") = "CategorizeData", "CategorizeData.csproj", "{57F3FE84-F7F1-4102-9EFB-13A7A6F2BEE1}"
EndProject
Global
	GlobalSection(SolutionConfigurationPlatforms) = preSolution
		Debug|Any CPU = Debug|Any CPU
		Release|Any CPU = Release|Any CPU
	EndGlobalSection
	GlobalSection(ProjectConfigurationPlatforms) = postSolution
		{57F3FE84-F7F1-4102-9EFB-13A7A6F2BEE1}.Debug|Any CPU.ActiveCfg = Debug|Any CPU
		{57F3FE84-F7F1-4102-9EFB-13A7A6F2BEE1}.Debug|Any CPU.Build.0 = Debug|Any CPU
		{57F3FE84-F7F1-4102-9EFB-13A7A6F2BEE1}.Release|Any CPU.ActiveCfg = Release|Any CPU
		{57F3FE84-F7F1-4102-9EFB-13A7A6F2BEE1}.Release|Any CPU.Build.0 = Release|Any CPU
	EndGlobalSection
	GlobalSection(SolutionProperties) = preSolution
		HideSolutionNode = FALSE
	EndGlobalSection
	GlobalSection(ExtensibilityGlobals) = postSolution
		SolutionGuid = {E2135125-8CB3-45FC-AEE4-1F1542AFBC04}
	EndGlobalSection
EndGlobal
